
Microsoft Visual Studio Solution File, Format Version 12.00
# Visual Studio Version 16
VisualStudioVersion = 16.0.29806.167
MinimumVisualStudioVersion = 10.0.40219.1
Project("{FAE04EC0-301F-11D3-BF4B-00C04F79EFBC}") = "CSharpStudy", "CSharpStudy\CSharpStudy.csproj", "{7C5FC408-E8A7-454F-9EB4-8874D9083953}"
EndProject
Project("{FAE04EC0-301F-11D3-BF4B-00C04F79EFBC}") = "Test", "Test\Test.csproj", "{8082703E-DB56-4FBF-901B-6BB6F09638D2}"
EndProject
Project("{FAE04EC0-301F-11D3-BF4B-00C04F79EFBC}") = "2D MAP", "2D MAP\2D MAP.csproj", "{39AE1F19-94B4-4CAC-8275-3D8E454F78F1}"
EndProject
Project("{FAE04EC0-301F-11D3-BF4B-00C04F79EFBC}") = "Bingo", "Bingo\Bingo.csproj", "{808C3EC5-E66B-47BA-93AA-C5BB866F4903}"
EndProject
Global
	GlobalSection(SolutionConfigurationPlatforms) = preSolution
		Debug|Any CPU = Debug|Any CPU
		Release|Any CPU = Release|Any CPU
	EndGlobalSection
	GlobalSection(ProjectConfigurationPlatforms) = postSolution
		{7C5FC408-E8A7-454F-9EB4-8874D9083953}.Debug|Any CPU.ActiveCfg = Debug|Any CPU
		{7C5FC408-E8A7-454F-9EB4-8874D9083953}.Debug|Any CPU.Build.0 = Debug|Any CPU
		{7C5FC408-E8A7-454F-9EB4-8874D9083953}.Release|Any CPU.ActiveCfg = Release|Any CPU
		{7C5FC408-E8A7-454F-9EB4-8874D9083953}.Release|Any CPU.Build.0 = Release|Any CPU
		{8082703E-DB56-4FBF-901B-6BB6F09638D2}.Debug|Any CPU.ActiveCfg = Debug|Any CPU
		{8082703E-DB56-4FBF-901B-6BB6F09638D2}.Debug|Any CPU.Build.0 = Debug|Any CPU
		{8082703E-DB56-4FBF-901B-6BB6F09638D2}.Release|Any CPU.ActiveCfg = Release|Any CPU
		{8082703E-DB56-4FBF-901B-6BB6F09638D2}.Release|Any CPU.Build.0 = Release|Any CPU
		{39AE1F19-94B4-4CAC-8275-3D8E454F78F1}.Debug|Any CPU.ActiveCfg = Debug|Any CPU
		{39AE1F19-94B4-4CAC-8275-3D8E454F78F1}.Debug|Any CPU.Build.0 = Debug|Any CPU
		{39AE1F19-94B4-4CAC-8275-3D8E454F78F1}.Release|Any CPU.ActiveCfg = Release|Any CPU
		{39AE1F19-94B4-4CAC-8275-3D8E454F78F1}.Release|Any CPU.Build.0 = Release|Any CPU
		{808C3EC5-E66B-47BA-93AA-C5BB866F4903}.Debug|Any CPU.ActiveCfg = Debug|Any CPU
		{808C3EC5-E66B-47BA-93AA-C5BB866F4903}.Debug|Any CPU.Build.0 = Debug|Any CPU
		{808C3EC5-E66B-47BA-93AA-C5BB866F4903}.Release|Any CPU.ActiveCfg = Release|Any CPU
		{808C3EC5-E66B-47BA-93AA-C5BB866F4903}.Release|Any CPU.Build.0 = Release|Any CPU
	EndGlobalSection
	GlobalSection(SolutionProperties) = preSolution
		HideSolutionNode = FALSE
	EndGlobalSection
	GlobalSection(ExtensibilityGlobals) = postSolution
		SolutionGuid = {1BFF1CDE-403F-4DEB-99A6-B1503DCD4315}
	EndGlobalSection
EndGlobal
